{
  "name": "vscode-deno-client",
  "version": "3.53.1",
  "lockfileVersion": 2,
  "requires": true,
  "packages": {
    "": {
      "name": "vscode-deno-client",
      "version": "3.53.1",
      "license": "MIT",
      "dependencies": {
        "dotenv": "^16.4.5",
        "jsonc-parser": "^3.2.0",
        "semver": "7.5.2",
        "vscode-languageclient": "^10.0.0-next.13"
      },
      "devDependencies": {
        "@types/semver": "7.3.9",
        "@types/vscode": "1.91.0"
      },
      "engines": {
        "vscode": "^1.91.0"
      }
    },
    "node_modules/@types/semver": {
      "version": "7.3.9",
      "resolved": "https://registry.npmjs.org/@types/semver/-/semver-7.3.9.tgz",
      "integrity": "sha512-L/TMpyURfBkf+o/526Zb6kd/tchUP3iBDEPjqjb+U2MAJhVRxxrmr2fwpe08E7QsV7YLcpq0tUaQ9O9x97ZIxQ==",
      "dev": true
    },
    "node_modules/@types/vscode": {
      "version": "1.91.0",
      "resolved": "https://registry.npmjs.org/@types/vscode/-/vscode-1.91.0.tgz",
      "integrity": "sha512-PgPr+bUODjG3y+ozWUCyzttqR9EHny9sPAfJagddQjDwdtf66y2sDKJMnFZRuzBA2YtBGASqJGPil8VDUPvO6A==",
      "dev": true,
      "license": "MIT"
    },
    "node_modules/dotenv": {
      "version": "16.4.5",
      "resolved": "https://registry.npmjs.org/dotenv/-/dotenv-16.4.5.tgz",
      "integrity": "sha512-ZmdL2rui+eB2YwhsWzjInR8LldtZHGDoQ1ugH85ppHKwpUHL7j7rN0Ti9NCnGiQbhaZ11FpR+7ao1dNsmduNUg==",
      "license": "BSD-2-Clause",
      "engines": {
        "node": ">=12"
      },
      "funding": {
        "url": "https://dotenvx.com"
      }
    },
    "node_modules/jsonc-parser": {
      "version": "3.2.0",
      "resolved": "https://registry.npmjs.org/jsonc-parser/-/jsonc-parser-3.2.0.tgz",
      "integrity": "sha512-gfFQZrcTc8CnKXp6Y4/CBT3fTc0OVuDofpre4aEeEpSBPV5X5v4+Vmx+8snU7RLPrNHPKSgLxGo9YuQzz20o+w=="
    },
    "node_modules/lru-cache": {
      "version": "6.0.0",
      "resolved": "https://registry.npmjs.org/lru-cache/-/lru-cache-6.0.0.tgz",
      "integrity": "sha512-Jo6dJ04CmSjuznwJSS3pUeWmd/H0ffTlkXXgwZi+eq1UCmqQwCh+eLsYOYCwY991i2Fah4h1BEMCx4qThGbsiA==",
      "dependencies": {
        "yallist": "^4.0.0"
      },
      "engines": {
        "node": ">=10"
      }
    },
    "node_modules/semver": {
      "version": "7.5.2",
      "resolved": "https://registry.npmjs.org/semver/-/semver-7.5.2.tgz",
      "integrity": "sha512-SoftuTROv/cRjCze/scjGyiDtcUyxw1rgYQSZY7XTmtR5hX+dm76iDbTH8TkLPHCQmlbQVSSbNZCPM2hb0knnQ==",
      "dependencies": {
        "lru-cache": "^6.0.0"
      },
      "bin": {
        "semver": "bin/semver.js"
      },
      "engines": {
        "node": ">=10"
      }
    },
    "node_modules/vscode-jsonrpc": {
      "version": "9.0.0-next.8",
      "resolved": "https://registry.npmjs.org/vscode-jsonrpc/-/vscode-jsonrpc-9.0.0-next.8.tgz",
      "integrity": "sha512-pN6L5eiNBvUpNFBJvudaZ83klir0T/wLFCDpYhpOEsKXyhsWyYsNMzoG7BK6zJoZLHGSSsaTJDjCcPwnLgUyPQ==",
      "license": "MIT",
      "engines": {
        "node": ">=14.0.0"
      }
    },
    "node_modules/vscode-languageclient": {
      "version": "10.0.0-next.16",
      "resolved": "https://registry.npmjs.org/vscode-languageclient/-/vscode-languageclient-10.0.0-next.16.tgz",
      "integrity": "sha512-aVJ950olGncxehPezP61wsEHjB3zgDETCThH1FTQ4V9EZ9mcVSNfjXM0SWC+VYF3nZulI2hBZe0od2Ajib4hNA==",
      "license": "MIT",
      "dependencies": {
        "minimatch": "^10.0.1",
        "semver": "^7.7.1",
        "vscode-languageserver-protocol": "3.17.6-next.13"
      },
      "engines": {
        "vscode": "^1.91.0"
      }
    },
    "node_modules/vscode-languageclient/node_modules/balanced-match": {
      "version": "4.0.4",
      "resolved": "https://registry.npmjs.org/balanced-match/-/balanced-match-4.0.4.tgz",
      "integrity": "sha512-BLrgEcRTwX2o6gGxGOCNyMvGSp35YofuYzw9h1IMTRmKqttAZZVU67bdb9Pr2vUHA8+j3i2tJfjO6C6+4myGTA==",
      "engines": {
        "node": "18 || 20 || >=22"
      }
    },
    "node_modules/vscode-languageclient/node_modules/brace-expansion": {
      "version": "5.0.12",
      "resolved": "https://registry.npmjs.org/brace-expansion/-/brace-expansion-5.0.12.tgz",
      "integrity": "sha512-YovQ3rzhaLMIrDjNDMkNS01tea93qhEhG5xy8f6+R0l+dw3Ki+5sCoIoI942iuLZTHWogWktgwVDhU09iNEimQ==",
      "license": "MIT",
      "dependencies": {
        "balanced-match": "^4.0.2"
      },
      "engines": {
        "node": "20 || >=22"
      }
    },
    "node_modules/vscode-languageclient/node_modules/minimatch": {
      "version": "10.2.4",
      "resolved": "https://registry.npmjs.org/minimatch/-/minimatch-10.2.4.tgz",
      "integrity": "sha512-oRjTw/97aTBN0RHbYCdtF1MQfvusSIBQM0IZEgzl6426+8jSC0nF1a/GmnVLpfB9yyr6g6FTqWqiZVbxrtaCIg==",
      "dependencies": {
        "brace-expansion": "^5.0.2"
      },
      "engines": {
        "node": "18 || 20 || >=22"
      },
      "funding": {
        "url": "https://github.com/sponsors/isaacs"
      }
    },
    "node_modules/vscode-languageclient/node_modules/semver": {
      "version": "7.7.2",
      "resolved": "https://registry.npmjs.org/semver/-/semver-7.7.2.tgz",
      "integrity": "sha512-RF0Fw+rO5AMf9MAyaRXI4AV0Ulj5lMHqVxxdSgiVbixSCXoEmmX/jk0CuJw4+3SqroYO9VoUh+HcuJivvtJemA==",
      "license": "ISC",
      "bin": {
        "semver": "bin/semver.js"
      },
      "engines": {
        "node": ">=10"
      }
    },
    "node_modules/vscode-languageserver-protocol": {
      "version": "3.17.6-next.13",
      "resolved": "https://registry.npmjs.org/vscode-languageserver-protocol/-/vscode-languageserver-protocol-3.17.6-next.13.tgz",
      "integrity": "sha512-IE+/j+OOqJ392KMhcexIGt9MVqcTZ4n7DVyaSp5txuC1kNUnfzxlkPzzDwo0p7hdINLCfWjbcjuW5tGYLof4Vw==",
      "license": "MIT",
      "dependencies": {
        "vscode-jsonrpc": "9.0.0-next.8",
        "vscode-languageserver-types": "3.17.6-next.6"
      }
    },
    "node_modules/vscode-languageserver-types": {
      "version": "3.17.6-next.6",
      "resolved": "https://registry.npmjs.org/vscode-languageserver-types/-/vscode-languageserver-types-3.17.6-next.6.tgz",
      "integrity": "sha512-aiJY5/yW+xzw7KPNlwi3gQtddq/3EIn5z8X8nCgJfaiAij2R1APKePngv+MUdLdYJBVTLu+Qa0ODsT+pHgYguQ==",
      "license": "MIT"
    },
    "node_modules/yallist": {
      "version": "4.0.0",
      "resolved": "https://registry.npmjs.org/yallist/-/yallist-4.0.0.tgz",
      "integrity": "sha512-3wdGidZyq5PB084XLES5TpOSRA3wjXAlIWMhum2kRcv/41Sn2emQ0dycQW4uZXLejwKvg6EsvbdlVL+FYEct7A=="
    }
  },
  "dependencies": {
    "@types/semver": {
      "version": "7.3.9",
      "resolved": "https://registry.npmjs.org/@types/semver/-/semver-7.3.9.tgz",
      "integrity": "sha512-L/TMpyURfBkf+o/526Zb6kd/tchUP3iBDEPjqjb+U2MAJhVRxxrmr2fwpe08E7QsV7YLcpq0tUaQ9O9x97ZIxQ==",
      "dev": true
    },
    "@types/vscode": {
      "version": "1.91.0",
      "resolved": "https://registry.npmjs.org/@types/vscode/-/vscode-1.91.0.tgz",
      "integrity": "sha512-PgPr+bUODjG3y+ozWUCyzttqR9EHny9sPAfJagddQjDwdtf66y2sDKJMnFZRuzBA2YtBGASqJGPil8VDUPvO6A==",
      "dev": true
    },
    "dotenv": {
      "version": "16.4.5",
      "resolved": "https://registry.npmjs.org/dotenv/-/dotenv-16.4.5.tgz",
      "integrity": "sha512-ZmdL2rui+eB2YwhsWzjInR8LldtZHGDoQ1ugH85ppHKwpUHL7j7rN0Ti9NCnGiQbhaZ11FpR+7ao1dNsmduNUg=="
    },
    "jsonc-parser": {
      "version": "3.2.0",
      "resolved": "https://registry.npmjs.org/jsonc-parser/-/jsonc-parser-3.2.0.tgz",
      "integrity": "sha512-gfFQZrcTc8CnKXp6Y4/CBT3fTc0OVuDofpre4aEeEpSBPV5X5v4+Vmx+8snU7RLPrNHPKSgLxGo9YuQzz20o+w=="
    },
    "lru-cache": {
      "version": "6.0.0",
      "resolved": "https://registry.npmjs.org/lru-cache/-/lru-cache-6.0.0.tgz",
      "integrity": "sha512-Jo6dJ04CmSjuznwJSS3pUeWmd/H0ffTlkXXgwZi+eq1UCmqQwCh+eLsYOYCwY991i2Fah4h1BEMCx4qThGbsiA==",
      "requires": {
        "yallist": "^4.0.0"
      }
    },
    "semver": {
      "version": "7.5.2",
      "resolved": "https://registry.npmjs.org/semver/-/semver-7.5.2.tgz",
      "integrity": "sha512-SoftuTROv/cRjCze/scjGyiDtcUyxw1rgYQSZY7XTmtR5hX+dm76iDbTH8TkLPHCQmlbQVSSbNZCPM2hb0knnQ==",
      "requires": {
        "lru-cache": "^6.0.0"
      }
    },
    "vscode-jsonrpc": {
      "version": "9.0.0-next.8",
      "resolved": "https://registry.npmjs.org/vscode-jsonrpc/-/vscode-jsonrpc-9.0.0-next.8.tgz",
      "integrity": "sha512-pN6L5eiNBvUpNFBJvudaZ83klir0T/wLFCDpYhpOEsKXyhsWyYsNMzoG7BK6zJoZLHGSSsaTJDjCcPwnLgUyPQ=="
    },
    "vscode-languageclient": {
      "version": "10.0.0-next.16",
      "resolved": "https://registry.npmjs.org/vscode-languageclient/-/vscode-languageclient-10.0.0-next.16.tgz",
      "integrity": "sha512-aVJ950olGncxehPezP61wsEHjB3zgDETCThH1FTQ4V9EZ9mcVSNfjXM0SWC+VYF3nZulI2hBZe0od2Ajib4hNA==",
      "requires": {
        "minimatch": "^10.0.1",
        "semver": "^7.7.1",
        "vscode-languageserver-protocol": "3.17.6-next.13"
      },
      "dependencies": {
        "balanced-match": {
          "version": "4.0.4",
          "resolved": "https://registry.npmjs.org/balanced-match/-/balanced-match-4.0.4.tgz",
          "integrity": "sha512-BLrgEcRTwX2o6gGxGOCNyMvGSp35YofuYzw9h1IMTRmKqttAZZVU67bdb9Pr2vUHA8+j3i2tJfjO6C6+4myGTA=="
        },
        "brace-expansion": {
          "version": "5.0.12",
          "resolved": "https://registry.npmjs.org/brace-expansion/-/brace-expansion-5.0.12.tgz",
          "integrity": "sha512-YovQ3rzhaLMIrDjNDMkNS01tea93qhEhG5xy8f6+R0l+dw3Ki+5sCoIoI942iuLZTHWogWktgwVDhU09iNEimQ==",
          "requires": {
            "balanced-match": "^4.0.2"
          }
        },
        "minimatch": {
          "version": "10.2.4",
          "resolved": "https://registry.npmjs.org/minimatch/-/minimatch-10.2.4.tgz",
          "integrity": "sha512-oRjTw/97aTBN0RHbYCdtF1MQfvusSIBQM0IZEgzl6426+8jSC0nF1a/GmnVLpfB9yyr6g6FTqWqiZVbxrtaCIg==",
          "requires": {
            "brace-expansion": "^5.0.2"
          }
        },
        "semver": {
          "version": "7.7.2",
          "resolved": "https://registry.npmjs.org/semver/-/semver-7.7.2.tgz",
          "integrity": "sha512-RF0Fw+rO5AMf9MAyaRXI4AV0Ulj5lMHqVxxdSgiVbixSCXoEmmX/jk0CuJw4+3SqroYO9VoUh+HcuJivvtJemA=="
        }
      }
    },
    "vscode-languageserver-protocol": {
      "version": "3.17.6-next.13",
      "resolved": "https://registry.npmjs.org/vscode-languageserver-protocol/-/vscode-languageserver-protocol-3.17.6-next.13.tgz",
      "integrity": "sha512-IE+/j+OOqJ392KMhcexIGt9MVqcTZ4n7DVyaSp5txuC1kNUnfzxlkPzzDwo0p7hdINLCfWjbcjuW5tGYLof4Vw==",
      "requires": {
        "vscode-jsonrpc": "9.0.0-next.8",
        "vscode-languageserver-types": "3.17.6-next.6"
      }
    },
    "vscode-languageserver-types": {
      "version": "3.17.6-next.6",
      "resolved": "https://registry.npmjs.org/vscode-languageserver-types/-/vscode-languageserver-types-3.17.6-next.6.tgz",
      "integrity": "sha512-aiJY5/yW+xzw7KPNlwi3gQtddq/3EIn5z8X8nCgJfaiAij2R1APKePngv+MUdLdYJBVTLu+Qa0ODsT+pHgYguQ=="
    },
    "yallist": {
      "version": "4.0.0",
      "resolved": "https://registry.npmjs.org/yallist/-/yallist-4.0.0.tgz",
      "integrity": "sha512-3wdGidZyq5PB084XLES5TpOSRA3wjXAlIWMhum2kRcv/41Sn2emQ0dycQW4uZXLejwKvg6EsvbdlVL+FYEct7A=="
    }
  }
}
