{
  "name": "vscode-deno",
  "version": "3.0.0-pre",
  "lockfileVersion": 2,
  "requires": true,
  "packages": {
    "": {
      "name": "vscode-deno",
      "version": "3.0.0-pre",
      "hasInstallScript": true,
      "license": "MIT",
      "devDependencies": {
        "@types/node": "^14.14.7",
        "typescript": "^4.0.5",
        "typescript-deno-plugin": "./typescript-deno-plugin"
      },
      "engines": {
        "vscode": "^1.51.0"
      }
    },
    "node_modules/@types/node": {
      "version": "14.14.8",
      "resolved": "https://registry.npmjs.org/@types/node/-/node-14.14.8.tgz",
      "integrity": "sha512-z/5Yd59dCKI5kbxauAJgw6dLPzW+TNOItNE00PkpzNwUIEwdj/Lsqwq94H5DdYBX7C13aRA0CY32BK76+neEUA==",
      "dev": true
    },
    "node_modules/typescript": {
      "version": "4.0.5",
      "resolved": "https://registry.npmjs.org/typescript/-/typescript-4.0.5.tgz",
      "integrity": "sha512-ywmr/VrTVCmNTJ6iV2LwIrfG1P+lv6luD8sUJs+2eI9NLGigaN+nUQc13iHqisq7bra9lnmUSYqbJvegraBOPQ==",
      "dev": true,
      "bin": {
        "tsc": "bin/tsc",
        "tsserver": "bin/tsserver"
      },
      "engines": {
        "node": ">=4.2.0"
      }
    },
    "node_modules/typescript-deno-plugin": {
      "resolved": "typescript-deno-plugin",
      "link": true
    },
    "typescript-deno-plugin": {
      "version": "3.0.0-pre",
      "dev": true,
      "license": "MIT",
      "devDependencies": {
        "typescript": "^4.0.5"
      },
      "engines": {
        "vscode": "^1.51.0"
      }
    }
  },
  "dependencies": {
    "@types/node": {
      "version": "14.14.8",
      "resolved": "https://registry.npmjs.org/@types/node/-/node-14.14.8.tgz",
      "integrity": "sha512-z/5Yd59dCKI5kbxauAJgw6dLPzW+TNOItNE00PkpzNwUIEwdj/Lsqwq94H5DdYBX7C13aRA0CY32BK76+neEUA==",
      "dev": true
    },
    "typescript": {
      "version": "4.0.5",
      "resolved": "https://registry.npmjs.org/typescript/-/typescript-4.0.5.tgz",
      "integrity": "sha512-ywmr/VrTVCmNTJ6iV2LwIrfG1P+lv6luD8sUJs+2eI9NLGigaN+nUQc13iHqisq7bra9lnmUSYqbJvegraBOPQ==",
      "dev": true
    },
    "typescript-deno-plugin": {
      "version": "file:typescript-deno-plugin",
      "requires": {
        "typescript": "^4.0.5"
      }
    }
  }
}
