{
  "name": "vscode-deno",
  "version": "3.8.1",
  "lockfileVersion": 2,
  "requires": true,
  "packages": {
    "": {
      "name": "vscode-deno",
      "version": "3.8.1",
      "hasInstallScript": true,
      "license": "MIT",
      "dependencies": {
        "typescript-deno-plugin": "./typescript-deno-plugin"
      },
      "devDependencies": {
        "@types/node": "^14.14.25",
        "esbuild": "^0.12.24",
        "typescript": "^4.4.2"
      },
      "engines": {
        "vscode": "^1.53.0"
      }
    },
    "node_modules/@types/node": {
      "version": "14.14.25",
      "resolved": "https://registry.npmjs.org/@types/node/-/node-14.14.25.tgz",
      "integrity": "sha512-EPpXLOVqDvisVxtlbvzfyqSsFeQxltFbluZNRndIb8tr9KiBnYNLzrc1N3pyKUCww2RNrfHDViqDWWE1LCJQtQ==",
      "dev": true
    },
    "node_modules/esbuild": {
      "version": "0.12.24",
      "resolved": "https://registry.npmjs.org/esbuild/-/esbuild-0.12.24.tgz",
      "integrity": "sha512-C0ibY+HsXzYB6L/pLWEiWjMpghKsIc58Q5yumARwBQsHl9DXPakW+5NI/Y9w4YXiz0PEP6XTGTT/OV4Nnsmb4A==",
      "dev": true,
      "hasInstallScript": true,
      "license": "MIT",
      "bin": {
        "esbuild": "bin/esbuild"
      }
    },
    "node_modules/typescript": {
      "version": "4.4.2",
      "resolved": "https://registry.npmjs.org/typescript/-/typescript-4.4.2.tgz",
      "integrity": "sha512-gzP+t5W4hdy4c+68bfcv0t400HVJMMd2+H9B7gae1nQlBzCqvrXX+6GL/b3GAgyTH966pzrZ70/fRjwAtZksSQ==",
      "dev": true,
      "license": "Apache-2.0",
      "bin": {
        "tsc": "bin/tsc",
        "tsserver": "bin/tsserver"
      },
      "engines": {
        "node": ">=4.2.0"
      }
    },
    "node_modules/typescript-deno-plugin": {
      "resolved": "typescript-deno-plugin",
      "link": true
    },
    "typescript-deno-plugin": {
      "version": "3.8.1",
      "license": "MIT",
      "devDependencies": {
        "typescript": "^4.4.2"
      },
      "engines": {
        "vscode": "^1.53.0"
      }
    }
  },
  "dependencies": {
    "@types/node": {
      "version": "14.14.25",
      "resolved": "https://registry.npmjs.org/@types/node/-/node-14.14.25.tgz",
      "integrity": "sha512-EPpXLOVqDvisVxtlbvzfyqSsFeQxltFbluZNRndIb8tr9KiBnYNLzrc1N3pyKUCww2RNrfHDViqDWWE1LCJQtQ==",
      "dev": true
    },
    "esbuild": {
      "version": "0.12.24",
      "resolved": "https://registry.npmjs.org/esbuild/-/esbuild-0.12.24.tgz",
      "integrity": "sha512-C0ibY+HsXzYB6L/pLWEiWjMpghKsIc58Q5yumARwBQsHl9DXPakW+5NI/Y9w4YXiz0PEP6XTGTT/OV4Nnsmb4A==",
      "dev": true
    },
    "typescript": {
      "version": "4.4.2",
      "resolved": "https://registry.npmjs.org/typescript/-/typescript-4.4.2.tgz",
      "integrity": "sha512-gzP+t5W4hdy4c+68bfcv0t400HVJMMd2+H9B7gae1nQlBzCqvrXX+6GL/b3GAgyTH966pzrZ70/fRjwAtZksSQ==",
      "dev": true
    },
    "typescript-deno-plugin": {
      "version": "file:typescript-deno-plugin",
      "requires": {
        "typescript": "^4.4.2"
      }
    }
  }
}
